
Microsoft Visual Studio Solution File, Format Version 12.00
# Visual Studio Version 16
VisualStudioVersion = 25.0.1705.3
MinimumVisualStudioVersion = 10.0.40219.1
Project("{FAE04EC0-301F-11D3-BF4B-00C04F79EFBC}") = "ArticleRecommendadtion", "ArticleRecommendadtion\ArticleRecommendadtion.csproj", "{498EAD3F-BF11-4026-8A42-D75FD6BE945F}"
EndProject
Global
	GlobalSection(SolutionConfigurationPlatforms) = preSolution
		Debug|Any CPU = Debug|Any CPU
		Release|Any CPU = Release|Any CPU
	EndGlobalSection
	GlobalSection(ProjectConfigurationPlatforms) = postSolution
		{498EAD3F-BF11-4026-8A42-D75FD6BE945F}.Debug|Any CPU.ActiveCfg = Debug|Any CPU
		{498EAD3F-BF11-4026-8A42-D75FD6BE945F}.Debug|Any CPU.Build.0 = Debug|Any CPU
		{498EAD3F-BF11-4026-8A42-D75FD6BE945F}.Release|Any CPU.ActiveCfg = Release|Any CPU
		{498EAD3F-BF11-4026-8A42-D75FD6BE945F}.Release|Any CPU.Build.0 = Release|Any CPU
	EndGlobalSection
	GlobalSection(SolutionProperties) = preSolution
		HideSolutionNode = FALSE
	EndGlobalSection
	GlobalSection(ExtensibilityGlobals) = postSolution
		SolutionGuid = {86451497-8A85-4812-80C2-00ECA4451D6B}
	EndGlobalSection
EndGlobal
